<?xml version="1.0" encoding="UTF-8" standalone="yes" ?>
<CodeBlocks_project_file>
	<FileVersion major="1" minor="6" />
	<Project>
		<Option title="GraphSearch" />
		<Option pch_mode="2" />
		<Option compiler="gcc" />
		<Build>
			<Target title="Debug">
				<Option output="bin/Debug/GraphSearch" prefix_auto="1" extension_auto="1" />
				<Option object_output="obj/Debug/" />
				<Option type="1" />
				<Option compiler="gcc" />
				<Compiler>
					<Add option="-g" />
					<Add directory="../AI_Games_Common" />
				</Compiler>
			</Target>
			<Target title="Release">
				<Option output="bin/Release/GraphSearch" prefix_auto="1" extension_auto="1" />
				<Option object_output="obj/Release/" />
				<Option type="1" />
				<Option compiler="gcc" />
				<Compiler>
					<Add option="-O2" />
				</Compiler>
				<Linker>
					<Add option="-s" />
				</Linker>
			</Target>
		</Build>
		<Compiler>
			<Add option="-w" />
		</Compiler>
		<Unit filename="Pathfinder.cpp" />
		<Unit filename="Pathfinder.h" />
		<Unit filename="constants.h" />
		<Unit filename="icon1.ico" />
		<Unit filename="main.cpp" />
		<Unit filename="no_obstacles_source_target_close.map" />
		<Unit filename="resource.h" />
		<Unit filename="test_with_walls.map" />
		<Unit filename="toolbar.aps" />
		<Unit filename="toolbar.rc">
			<Option compilerVar="WINDRES" />
		</Unit>
		<Unit filename="toolbar1.bmp" />
		<Extensions>
			<code_completion />
			<envvars />
			<debugger />
			<lib_finder disable_auto="1" />
		</Extensions>
	</Project>
</CodeBlocks_project_file>
