<?xml version="1.0" encoding="UTF-8" standalone="yes" ?>
<CodeBlocks_project_file>
	<FileVersion major="1" minor="6" />
	<Project>
		<Option title="EmergencyCenter" />
		<Option pch_mode="2" />
		<Option compiler="gcc" />
		<Build>
			<Target title="Debug">
				<Option output="bin/Debug/EmergencyCenter" prefix_auto="1" extension_auto="1" />
				<Option object_output="obj/Debug/" />
				<Option type="1" />
				<Option compiler="gcc" />
				<Compiler>
					<Add option="-g" />
					<Add directory="include" />
					<Add directory="../EmergencyCenter" />
				</Compiler>
			</Target>
			<Target title="Release">
				<Option output="bin/Release/EmergencyCenter" prefix_auto="1" extension_auto="1" />
				<Option object_output="obj/Release/" />
				<Option type="1" />
				<Option compiler="gcc" />
				<Compiler>
					<Add option="-O2" />
					<Add directory="include" />
					<Add directory="../EmergencyCenter" />
				</Compiler>
				<Linker>
					<Add option="-s" />
				</Linker>
			</Target>
		</Build>
		<Compiler>
			<Add option="-Wall" />
		</Compiler>
		<Unit filename="BuildingEvacuationService.cpp" />
		<Unit filename="BuildingEvacuationService.h" />
		<Unit filename="COSensor.cpp" />
		<Unit filename="COSensor.h" />
		<Unit filename="CentralManager.cpp" />
		<Unit filename="CentralManager.h" />
		<Unit filename="Component.cpp" />
		<Unit filename="Component.h" />
		<Unit filename="EmergencyService.cpp" />
		<Unit filename="EmergencyService.h" />
		<Unit filename="EvacuationService.cpp" />
		<Unit filename="EvacuationService.h" />
		<Unit filename="FireService.cpp" />
		<Unit filename="FireService.h" />
		<Unit filename="GroupContainer.cpp" />
		<Unit filename="GroupContainer.h" />
		<Unit filename="MotionSensor.cpp" />
		<Unit filename="MotionSensor.h" />
		<Unit filename="PoliceService.cpp" />
		<Unit filename="PoliceService.h" />
		<Unit filename="SensorComponent.cpp" />
		<Unit filename="SensorComponent.h" />
		<Unit filename="SmokeSensor.cpp" />
		<Unit filename="SmokeSensor.h" />
		<Unit filename="main.cpp" />
		<Unit filename="stress.cpp">
			<Option compile="0" />
			<Option link="0" />
			<Option target="&lt;{~None~}&gt;" />
		</Unit>
		<Extensions>
			<code_completion />
			<envvars />
			<debugger />
		</Extensions>
	</Project>
</CodeBlocks_project_file>
